
Microsoft Visual Studio Solution File, Format Version 12.00
# Visual Studio 15
VisualStudioVersion = 15.0.27428.2011
MinimumVisualStudioVersion = 10.0.40219.1
Project("{8BC9CEB8-8B4A-11D0-8D11-00A0C91BC942}") = "Wabbit", "Wabbit\Wabbit.vcxproj", "{5D41160E-1811-40AD-B065-7EEC002164BC}"
EndProject
Global
	GlobalSection(SolutionConfigurationPlatforms) = preSolution
		Debug|x64 = Debug|x64
		Debug|x86 = Debug|x86
		Release|x64 = Release|x64
		Release|x86 = Release|x86
	EndGlobalSection
	GlobalSection(ProjectConfigurationPlatforms) = postSolution
		{5D41160E-1811-40AD-B065-7EEC002164BC}.Debug|x64.ActiveCfg = Debug|x64
		{5D41160E-1811-40AD-B065-7EEC002164BC}.Debug|x64.Build.0 = Debug|x64
		{5D41160E-1811-40AD-B065-7EEC002164BC}.Debug|x86.ActiveCfg = Debug|Win32
		{5D41160E-1811-40AD-B065-7EEC002164BC}.Debug|x86.Build.0 = Debug|Win32
		{5D41160E-1811-40AD-B065-7EEC002164BC}.Release|x64.ActiveCfg = Release|x64
		{5D41160E-1811-40AD-B065-7EEC002164BC}.Release|x64.Build.0 = Release|x64
		{5D41160E-1811-40AD-B065-7EEC002164BC}.Release|x86.ActiveCfg = Release|Win32
		{5D41160E-1811-40AD-B065-7EEC002164BC}.Release|x86.Build.0 = Release|Win32
	EndGlobalSection
	GlobalSection(SolutionProperties) = preSolution
		HideSolutionNode = FALSE
	EndGlobalSection
	GlobalSection(ExtensibilityGlobals) = postSolution
		SolutionGuid = {D7CECBC6-48B5-4152-A7F2-FC39AB3ED0C9}
	EndGlobalSection
EndGlobal
