
Microsoft Visual Studio Solution File, Format Version 12.00
# Visual Studio 15
VisualStudioVersion = 15.0.27703.2018
MinimumVisualStudioVersion = 10.0.40219.1
Project("{8BC9CEB8-8B4A-11D0-8D11-00A0C91BC942}") = "Homework", "Homework\Homework.vcxproj", "{2CF5B4D4-854F-4DE0-AFFE-4FE1417AD549}"
EndProject
Global
	GlobalSection(SolutionConfigurationPlatforms) = preSolution
		Debug|x64 = Debug|x64
		Debug|x86 = Debug|x86
		Release|x64 = Release|x64
		Release|x86 = Release|x86
	EndGlobalSection
	GlobalSection(ProjectConfigurationPlatforms) = postSolution
		{2CF5B4D4-854F-4DE0-AFFE-4FE1417AD549}.Debug|x64.ActiveCfg = Debug|x64
		{2CF5B4D4-854F-4DE0-AFFE-4FE1417AD549}.Debug|x64.Build.0 = Debug|x64
		{2CF5B4D4-854F-4DE0-AFFE-4FE1417AD549}.Debug|x86.ActiveCfg = Debug|Win32
		{2CF5B4D4-854F-4DE0-AFFE-4FE1417AD549}.Debug|x86.Build.0 = Debug|Win32
		{2CF5B4D4-854F-4DE0-AFFE-4FE1417AD549}.Release|x64.ActiveCfg = Release|x64
		{2CF5B4D4-854F-4DE0-AFFE-4FE1417AD549}.Release|x64.Build.0 = Release|x64
		{2CF5B4D4-854F-4DE0-AFFE-4FE1417AD549}.Release|x86.ActiveCfg = Release|Win32
		{2CF5B4D4-854F-4DE0-AFFE-4FE1417AD549}.Release|x86.Build.0 = Release|Win32
	EndGlobalSection
	GlobalSection(SolutionProperties) = preSolution
		HideSolutionNode = FALSE
	EndGlobalSection
	GlobalSection(ExtensibilityGlobals) = postSolution
		SolutionGuid = {D6063A55-73BC-48DF-95BE-621E74C4C8D0}
	EndGlobalSection
EndGlobal
